
Microsoft Visual Studio Solution File, Format Version 12.00
# Visual Studio Version 16
VisualStudioVersion = 16.0.30907.101
MinimumVisualStudioVersion = 10.0.40219.1
Project("{9A19103F-16F7-4668-BE54-9A1E7A4F7556}") = "Entities", "Entities\Entities.csproj", "{ECCB8F86-E69F-4359-B9EA-A1F2AD55E7EF}"
EndProject
Project("{9A19103F-16F7-4668-BE54-9A1E7A4F7556}") = "DataAccess", "DataAccess\DataAccess.csproj", "{252EC7BD-058E-4A02-B2FA-71A2C3953FC1}"
EndProject
Project("{9A19103F-16F7-4668-BE54-9A1E7A4F7556}") = "Business", "Business\Business.csproj", "{7BA8E4CC-EEE4-45D5-AE45-2E2C2A395002}"
EndProject
Project("{9A19103F-16F7-4668-BE54-9A1E7A4F7556}") = "Core", "Core\Core.csproj", "{7CE7163E-4421-43AA-867A-F6A81E94AF7D}"
EndProject
Project("{9A19103F-16F7-4668-BE54-9A1E7A4F7556}") = "ConsoleApp1", "ConsoleApp1\ConsoleApp1.csproj", "{47C508C4-0D35-4725-9BBE-A3EA521BA8A2}"
EndProject
Project("{FAE04EC0-301F-11D3-BF4B-00C04F79EFBC}") = "WebAPI", "WebAPI\WebAPI.csproj", "{B1240CB1-1A47-4111-A4C9-D6D9D368D8F6}"
EndProject
Global
	GlobalSection(SolutionConfigurationPlatforms) = preSolution
		Debug|Any CPU = Debug|Any CPU
		Release|Any CPU = Release|Any CPU
	EndGlobalSection
	GlobalSection(ProjectConfigurationPlatforms) = postSolution
		{ECCB8F86-E69F-4359-B9EA-A1F2AD55E7EF}.Debug|Any CPU.ActiveCfg = Debug|Any CPU
		{ECCB8F86-E69F-4359-B9EA-A1F2AD55E7EF}.Debug|Any CPU.Build.0 = Debug|Any CPU
		{ECCB8F86-E69F-4359-B9EA-A1F2AD55E7EF}.Release|Any CPU.ActiveCfg = Release|Any CPU
		{ECCB8F86-E69F-4359-B9EA-A1F2AD55E7EF}.Release|Any CPU.Build.0 = Release|Any CPU
		{252EC7BD-058E-4A02-B2FA-71A2C3953FC1}.Debug|Any CPU.ActiveCfg = Debug|Any CPU
		{252EC7BD-058E-4A02-B2FA-71A2C3953FC1}.Debug|Any CPU.Build.0 = Debug|Any CPU
		{252EC7BD-058E-4A02-B2FA-71A2C3953FC1}.Release|Any CPU.ActiveCfg = Release|Any CPU
		{252EC7BD-058E-4A02-B2FA-71A2C3953FC1}.Release|Any CPU.Build.0 = Release|Any CPU
		{7BA8E4CC-EEE4-45D5-AE45-2E2C2A395002}.Debug|Any CPU.ActiveCfg = Debug|Any CPU
		{7BA8E4CC-EEE4-45D5-AE45-2E2C2A395002}.Debug|Any CPU.Build.0 = Debug|Any CPU
		{7BA8E4CC-EEE4-45D5-AE45-2E2C2A395002}.Release|Any CPU.ActiveCfg = Release|Any CPU
		{7BA8E4CC-EEE4-45D5-AE45-2E2C2A395002}.Release|Any CPU.Build.0 = Release|Any CPU
		{7CE7163E-4421-43AA-867A-F6A81E94AF7D}.Debug|Any CPU.ActiveCfg = Debug|Any CPU
		{7CE7163E-4421-43AA-867A-F6A81E94AF7D}.Debug|Any CPU.Build.0 = Debug|Any CPU
		{7CE7163E-4421-43AA-867A-F6A81E94AF7D}.Release|Any CPU.ActiveCfg = Release|Any CPU
		{7CE7163E-4421-43AA-867A-F6A81E94AF7D}.Release|Any CPU.Build.0 = Release|Any CPU
		{47C508C4-0D35-4725-9BBE-A3EA521BA8A2}.Debug|Any CPU.ActiveCfg = Debug|Any CPU
		{47C508C4-0D35-4725-9BBE-A3EA521BA8A2}.Debug|Any CPU.Build.0 = Debug|Any CPU
		{47C508C4-0D35-4725-9BBE-A3EA521BA8A2}.Release|Any CPU.ActiveCfg = Release|Any CPU
		{47C508C4-0D35-4725-9BBE-A3EA521BA8A2}.Release|Any CPU.Build.0 = Release|Any CPU
		{B1240CB1-1A47-4111-A4C9-D6D9D368D8F6}.Debug|Any CPU.ActiveCfg = Debug|Any CPU
		{B1240CB1-1A47-4111-A4C9-D6D9D368D8F6}.Debug|Any CPU.Build.0 = Debug|Any CPU
		{B1240CB1-1A47-4111-A4C9-D6D9D368D8F6}.Release|Any CPU.ActiveCfg = Release|Any CPU
		{B1240CB1-1A47-4111-A4C9-D6D9D368D8F6}.Release|Any CPU.Build.0 = Release|Any CPU
	EndGlobalSection
	GlobalSection(SolutionProperties) = preSolution
		HideSolutionNode = FALSE
	EndGlobalSection
	GlobalSection(ExtensibilityGlobals) = postSolution
		SolutionGuid = {3042D95A-2841-4650-9115-3A58DECDA055}
	EndGlobalSection
EndGlobal
